
Microsoft Visual Studio Solution File, Format Version 12.00
# Visual Studio Version 17
VisualStudioVersion = 17.1.32328.378
MinimumVisualStudioVersion = 10.0.40219.1
Project("{FAE04EC0-301F-11D3-BF4B-00C04F79EFBC}") = "Thread_Synchronization_Assignment", "Thread_Synchronization_Assignment.csproj", "{648597D7-3DCB-45E6-8740-BA241A51664D}"
EndProject
Global
	GlobalSection(SolutionConfigurationPlatforms) = preSolution
		Debug|Any CPU = Debug|Any CPU
		Release|Any CPU = Release|Any CPU
	EndGlobalSection
	GlobalSection(ProjectConfigurationPlatforms) = postSolution
		{648597D7-3DCB-45E6-8740-BA241A51664D}.Debug|Any CPU.ActiveCfg = Debug|Any CPU
		{648597D7-3DCB-45E6-8740-BA241A51664D}.Debug|Any CPU.Build.0 = Debug|Any CPU
		{648597D7-3DCB-45E6-8740-BA241A51664D}.Release|Any CPU.ActiveCfg = Release|Any CPU
		{648597D7-3DCB-45E6-8740-BA241A51664D}.Release|Any CPU.Build.0 = Release|Any CPU
	EndGlobalSection
	GlobalSection(SolutionProperties) = preSolution
		HideSolutionNode = FALSE
	EndGlobalSection
	GlobalSection(ExtensibilityGlobals) = postSolution
		SolutionGuid = {E46F1286-6727-4956-BAC7-5A591F396138}
	EndGlobalSection
EndGlobal
