
Microsoft Visual Studio Solution File, Format Version 12.00
# Visual Studio Version 17
VisualStudioVersion = 17.1.32328.378
MinimumVisualStudioVersion = 10.0.40219.1
Project("{9A19103F-16F7-4668-BE54-9A1E7A4F7556}") = "Managed_Threading_Task1", "Managed_Threading_Task1.csproj", "{1FFBE943-7FEE-4FD6-BF8E-0D6CE9BDD0B2}"
EndProject
Project("{FAE04EC0-301F-11D3-BF4B-00C04F79EFBC}") = "Managed_Threading_Task1.Test", "..\Managed_Threading_Task1.Test\Managed_Threading_Task1.Test.csproj", "{3CEE167D-795B-404B-AFB8-360C799D25CC}"
EndProject
Global
	GlobalSection(SolutionConfigurationPlatforms) = preSolution
		Debug|Any CPU = Debug|Any CPU
		Release|Any CPU = Release|Any CPU
	EndGlobalSection
	GlobalSection(ProjectConfigurationPlatforms) = postSolution
		{1FFBE943-7FEE-4FD6-BF8E-0D6CE9BDD0B2}.Debug|Any CPU.ActiveCfg = Debug|Any CPU
		{1FFBE943-7FEE-4FD6-BF8E-0D6CE9BDD0B2}.Debug|Any CPU.Build.0 = Debug|Any CPU
		{1FFBE943-7FEE-4FD6-BF8E-0D6CE9BDD0B2}.Release|Any CPU.ActiveCfg = Release|Any CPU
		{1FFBE943-7FEE-4FD6-BF8E-0D6CE9BDD0B2}.Release|Any CPU.Build.0 = Release|Any CPU
		{3CEE167D-795B-404B-AFB8-360C799D25CC}.Debug|Any CPU.ActiveCfg = Debug|Any CPU
		{3CEE167D-795B-404B-AFB8-360C799D25CC}.Debug|Any CPU.Build.0 = Debug|Any CPU
		{3CEE167D-795B-404B-AFB8-360C799D25CC}.Release|Any CPU.ActiveCfg = Release|Any CPU
		{3CEE167D-795B-404B-AFB8-360C799D25CC}.Release|Any CPU.Build.0 = Release|Any CPU
	EndGlobalSection
	GlobalSection(SolutionProperties) = preSolution
		HideSolutionNode = FALSE
	EndGlobalSection
	GlobalSection(ExtensibilityGlobals) = postSolution
		SolutionGuid = {FBFC6F01-ADB2-43A2-97C5-13A446012F2C}
	EndGlobalSection
EndGlobal
